
Microsoft Visual Studio Solution File, Format Version 12.00
# Visual Studio 15
VisualStudioVersion = 15.0.27004.2008
MinimumVisualStudioVersion = 10.0.40219.1
Project("{8BC9CEB8-8B4A-11D0-8D11-00A0C91BC942}") = "BullCowGame", "BullCowGame\BullCowGame.vcxproj", "{C73119C0-085D-4990-830E-F723447C4498}"
EndProject
Project("{8BC9CEB8-8B4A-11D0-8D11-00A0C91BC942}") = "BullCowGameTest", "BullCowGameTest\BullCowGameTest.vcxproj", "{DD8B867F-07BC-4B0D-B4FC-8C8514644DED}"
EndProject
Global
	GlobalSection(SolutionConfigurationPlatforms) = preSolution
		Debug|x64 = Debug|x64
		Debug|x86 = Debug|x86
		Release|x64 = Release|x64
		Release|x86 = Release|x86
	EndGlobalSection
	GlobalSection(ProjectConfigurationPlatforms) = postSolution
		{C73119C0-085D-4990-830E-F723447C4498}.Debug|x64.ActiveCfg = Debug|x64
		{C73119C0-085D-4990-830E-F723447C4498}.Debug|x64.Build.0 = Debug|x64
		{C73119C0-085D-4990-830E-F723447C4498}.Debug|x86.ActiveCfg = Debug|Win32
		{C73119C0-085D-4990-830E-F723447C4498}.Debug|x86.Build.0 = Debug|Win32
		{C73119C0-085D-4990-830E-F723447C4498}.Release|x64.ActiveCfg = Release|x64
		{C73119C0-085D-4990-830E-F723447C4498}.Release|x64.Build.0 = Release|x64
		{C73119C0-085D-4990-830E-F723447C4498}.Release|x86.ActiveCfg = Release|Win32
		{C73119C0-085D-4990-830E-F723447C4498}.Release|x86.Build.0 = Release|Win32
		{DD8B867F-07BC-4B0D-B4FC-8C8514644DED}.Debug|x64.ActiveCfg = Debug|x64
		{DD8B867F-07BC-4B0D-B4FC-8C8514644DED}.Debug|x64.Build.0 = Debug|x64
		{DD8B867F-07BC-4B0D-B4FC-8C8514644DED}.Debug|x86.ActiveCfg = Debug|Win32
		{DD8B867F-07BC-4B0D-B4FC-8C8514644DED}.Debug|x86.Build.0 = Debug|Win32
		{DD8B867F-07BC-4B0D-B4FC-8C8514644DED}.Release|x64.ActiveCfg = Release|x64
		{DD8B867F-07BC-4B0D-B4FC-8C8514644DED}.Release|x64.Build.0 = Release|x64
		{DD8B867F-07BC-4B0D-B4FC-8C8514644DED}.Release|x86.ActiveCfg = Release|Win32
		{DD8B867F-07BC-4B0D-B4FC-8C8514644DED}.Release|x86.Build.0 = Release|Win32
	EndGlobalSection
	GlobalSection(SolutionProperties) = preSolution
		HideSolutionNode = FALSE
	EndGlobalSection
	GlobalSection(ExtensibilityGlobals) = postSolution
		SolutionGuid = {117C5E89-51D4-48F4-89F9-69E58E2A4241}
	EndGlobalSection
EndGlobal
